
Microsoft Visual Studio Solution File, Format Version 12.00
# Visual Studio Version 16
VisualStudioVersion = 16.0.31112.23
MinimumVisualStudioVersion = 10.0.40219.1
Project("{FAE04EC0-301F-11D3-BF4B-00C04F79EFBC}") = "IviApp№2", "IviApp№2\IviApp№2.csproj", "{6A094D7C-7E76-462D-B7C8-145DA623A269}"
EndProject
Global
	GlobalSection(SolutionConfigurationPlatforms) = preSolution
		Debug|Any CPU = Debug|Any CPU
		Release|Any CPU = Release|Any CPU
	EndGlobalSection
	GlobalSection(ProjectConfigurationPlatforms) = postSolution
		{6A094D7C-7E76-462D-B7C8-145DA623A269}.Debug|Any CPU.ActiveCfg = Debug|Any CPU
		{6A094D7C-7E76-462D-B7C8-145DA623A269}.Debug|Any CPU.Build.0 = Debug|Any CPU
		{6A094D7C-7E76-462D-B7C8-145DA623A269}.Release|Any CPU.ActiveCfg = Release|Any CPU
		{6A094D7C-7E76-462D-B7C8-145DA623A269}.Release|Any CPU.Build.0 = Release|Any CPU
	EndGlobalSection
	GlobalSection(SolutionProperties) = preSolution
		HideSolutionNode = FALSE
	EndGlobalSection
	GlobalSection(ExtensibilityGlobals) = postSolution
		SolutionGuid = {1E83785E-1ADC-4DC5-BD2C-54F5903D7350}
	EndGlobalSection
EndGlobal
